
Microsoft Visual Studio Solution File, Format Version 12.00
# Visual Studio Version 16
VisualStudioVersion = 16.0.31911.196
MinimumVisualStudioVersion = 10.0.40219.1
Project("{FAE04EC0-301F-11D3-BF4B-00C04F79EFBC}") = "MyFirstServer.Server", "MyFirstServer.Server\MyFirstServer.Server.csproj", "{7CE111DB-12D9-40F7-9C75-8908E8A03F85}"
EndProject
Project("{FAE04EC0-301F-11D3-BF4B-00C04F79EFBC}") = "MyFirstServer.Demo", "MyFirstServer.Demo\MyFirstServer.Demo.csproj", "{DEA3DCA9-EB22-456A-ADFB-A21B0414FCE5}"
EndProject
Global
	GlobalSection(SolutionConfigurationPlatforms) = preSolution
		Debug|Any CPU = Debug|Any CPU
		Release|Any CPU = Release|Any CPU
	EndGlobalSection
	GlobalSection(ProjectConfigurationPlatforms) = postSolution
		{7CE111DB-12D9-40F7-9C75-8908E8A03F85}.Debug|Any CPU.ActiveCfg = Debug|Any CPU
		{7CE111DB-12D9-40F7-9C75-8908E8A03F85}.Debug|Any CPU.Build.0 = Debug|Any CPU
		{7CE111DB-12D9-40F7-9C75-8908E8A03F85}.Release|Any CPU.ActiveCfg = Release|Any CPU
		{7CE111DB-12D9-40F7-9C75-8908E8A03F85}.Release|Any CPU.Build.0 = Release|Any CPU
		{DEA3DCA9-EB22-456A-ADFB-A21B0414FCE5}.Debug|Any CPU.ActiveCfg = Debug|Any CPU
		{DEA3DCA9-EB22-456A-ADFB-A21B0414FCE5}.Debug|Any CPU.Build.0 = Debug|Any CPU
		{DEA3DCA9-EB22-456A-ADFB-A21B0414FCE5}.Release|Any CPU.ActiveCfg = Release|Any CPU
		{DEA3DCA9-EB22-456A-ADFB-A21B0414FCE5}.Release|Any CPU.Build.0 = Release|Any CPU
	EndGlobalSection
	GlobalSection(SolutionProperties) = preSolution
		HideSolutionNode = FALSE
	EndGlobalSection
	GlobalSection(ExtensibilityGlobals) = postSolution
		SolutionGuid = {58CE6F3A-40EE-469B-A947-C1F7BD82746C}
	EndGlobalSection
EndGlobal
