
Microsoft Visual Studio Solution File, Format Version 12.00
# Visual Studio Version 16
VisualStudioVersion = 16.0.30128.74
MinimumVisualStudioVersion = 10.0.40219.1
Project("{9A19103F-16F7-4668-BE54-9A1E7A4F7556}") = "ListyIteratorProblem", "ListyIterator\ListyIteratorProblem.csproj", "{B2389C5A-27A3-4D4D-B165-D9E396F7F7C7}"
EndProject
Project("{9A19103F-16F7-4668-BE54-9A1E7A4F7556}") = "Collection", "Collection\Collection.csproj", "{973E3CAB-3822-4E51-8168-4B18A6FF9885}"
EndProject
Project("{9A19103F-16F7-4668-BE54-9A1E7A4F7556}") = "Stack", "Stack\Stack.csproj", "{8ED1CEB7-78E0-4C01-ACDD-59D56809008F}"
EndProject
Project("{FAE04EC0-301F-11D3-BF4B-00C04F79EFBC}") = "Froggy", "Froggy\Froggy.csproj", "{A61CC60D-CAF3-4C00-9057-F1CA882B921B}"
EndProject
Project("{FAE04EC0-301F-11D3-BF4B-00C04F79EFBC}") = "ComparingObjects", "ComparingObjects\ComparingObjects.csproj", "{C13C6D3C-1653-4A52-9D13-E5D65291F4B0}"
EndProject
Project("{FAE04EC0-301F-11D3-BF4B-00C04F79EFBC}") = "EqualityLogic", "EqualityLogic\EqualityLogic.csproj", "{D5FAE62F-A6D5-4C55-ADBB-D19D0976A1B6}"
EndProject
Global
	GlobalSection(SolutionConfigurationPlatforms) = preSolution
		Debug|Any CPU = Debug|Any CPU
		Release|Any CPU = Release|Any CPU
	EndGlobalSection
	GlobalSection(ProjectConfigurationPlatforms) = postSolution
		{B2389C5A-27A3-4D4D-B165-D9E396F7F7C7}.Debug|Any CPU.ActiveCfg = Debug|Any CPU
		{B2389C5A-27A3-4D4D-B165-D9E396F7F7C7}.Debug|Any CPU.Build.0 = Debug|Any CPU
		{B2389C5A-27A3-4D4D-B165-D9E396F7F7C7}.Release|Any CPU.ActiveCfg = Release|Any CPU
		{B2389C5A-27A3-4D4D-B165-D9E396F7F7C7}.Release|Any CPU.Build.0 = Release|Any CPU
		{973E3CAB-3822-4E51-8168-4B18A6FF9885}.Debug|Any CPU.ActiveCfg = Debug|Any CPU
		{973E3CAB-3822-4E51-8168-4B18A6FF9885}.Debug|Any CPU.Build.0 = Debug|Any CPU
		{973E3CAB-3822-4E51-8168-4B18A6FF9885}.Release|Any CPU.ActiveCfg = Release|Any CPU
		{973E3CAB-3822-4E51-8168-4B18A6FF9885}.Release|Any CPU.Build.0 = Release|Any CPU
		{8ED1CEB7-78E0-4C01-ACDD-59D56809008F}.Debug|Any CPU.ActiveCfg = Debug|Any CPU
		{8ED1CEB7-78E0-4C01-ACDD-59D56809008F}.Debug|Any CPU.Build.0 = Debug|Any CPU
		{8ED1CEB7-78E0-4C01-ACDD-59D56809008F}.Release|Any CPU.ActiveCfg = Release|Any CPU
		{8ED1CEB7-78E0-4C01-ACDD-59D56809008F}.Release|Any CPU.Build.0 = Release|Any CPU
		{A61CC60D-CAF3-4C00-9057-F1CA882B921B}.Debug|Any CPU.ActiveCfg = Debug|Any CPU
		{A61CC60D-CAF3-4C00-9057-F1CA882B921B}.Debug|Any CPU.Build.0 = Debug|Any CPU
		{A61CC60D-CAF3-4C00-9057-F1CA882B921B}.Release|Any CPU.ActiveCfg = Release|Any CPU
		{A61CC60D-CAF3-4C00-9057-F1CA882B921B}.Release|Any CPU.Build.0 = Release|Any CPU
		{C13C6D3C-1653-4A52-9D13-E5D65291F4B0}.Debug|Any CPU.ActiveCfg = Debug|Any CPU
		{C13C6D3C-1653-4A52-9D13-E5D65291F4B0}.Debug|Any CPU.Build.0 = Debug|Any CPU
		{C13C6D3C-1653-4A52-9D13-E5D65291F4B0}.Release|Any CPU.ActiveCfg = Release|Any CPU
		{C13C6D3C-1653-4A52-9D13-E5D65291F4B0}.Release|Any CPU.Build.0 = Release|Any CPU
		{D5FAE62F-A6D5-4C55-ADBB-D19D0976A1B6}.Debug|Any CPU.ActiveCfg = Debug|Any CPU
		{D5FAE62F-A6D5-4C55-ADBB-D19D0976A1B6}.Debug|Any CPU.Build.0 = Debug|Any CPU
		{D5FAE62F-A6D5-4C55-ADBB-D19D0976A1B6}.Release|Any CPU.ActiveCfg = Release|Any CPU
		{D5FAE62F-A6D5-4C55-ADBB-D19D0976A1B6}.Release|Any CPU.Build.0 = Release|Any CPU
	EndGlobalSection
	GlobalSection(SolutionProperties) = preSolution
		HideSolutionNode = FALSE
	EndGlobalSection
	GlobalSection(ExtensibilityGlobals) = postSolution
		SolutionGuid = {3D2D161D-4285-4C58-AC34-0AE33E179B71}
	EndGlobalSection
EndGlobal
