
Microsoft Visual Studio Solution File, Format Version 12.00
# Visual Studio Version 16
VisualStudioVersion = 16.0.30128.74
MinimumVisualStudioVersion = 10.0.40219.1
Project("{9A19103F-16F7-4668-BE54-9A1E7A4F7556}") = "Lootbox", "Lootbox\Lootbox.csproj", "{6B310F6E-6697-42A3-A2A7-A4F4493B3780}"
EndProject
Project("{9A19103F-16F7-4668-BE54-9A1E7A4F7556}") = "Guild", "..\Guild\Guild.csproj", "{56C18A2E-1A6E-493B-BB93-10AE5A771B66}"
EndProject
Project("{FAE04EC0-301F-11D3-BF4B-00C04F79EFBC}") = "ReVolt", "ReVolt\ReVolt.csproj", "{CAFA5638-5E03-4997-82BD-67BC6BE9568B}"
EndProject
Global
	GlobalSection(SolutionConfigurationPlatforms) = preSolution
		Debug|Any CPU = Debug|Any CPU
		Release|Any CPU = Release|Any CPU
	EndGlobalSection
	GlobalSection(ProjectConfigurationPlatforms) = postSolution
		{6B310F6E-6697-42A3-A2A7-A4F4493B3780}.Debug|Any CPU.ActiveCfg = Debug|Any CPU
		{6B310F6E-6697-42A3-A2A7-A4F4493B3780}.Debug|Any CPU.Build.0 = Debug|Any CPU
		{6B310F6E-6697-42A3-A2A7-A4F4493B3780}.Release|Any CPU.ActiveCfg = Release|Any CPU
		{6B310F6E-6697-42A3-A2A7-A4F4493B3780}.Release|Any CPU.Build.0 = Release|Any CPU
		{56C18A2E-1A6E-493B-BB93-10AE5A771B66}.Debug|Any CPU.ActiveCfg = Debug|Any CPU
		{56C18A2E-1A6E-493B-BB93-10AE5A771B66}.Debug|Any CPU.Build.0 = Debug|Any CPU
		{56C18A2E-1A6E-493B-BB93-10AE5A771B66}.Release|Any CPU.ActiveCfg = Release|Any CPU
		{56C18A2E-1A6E-493B-BB93-10AE5A771B66}.Release|Any CPU.Build.0 = Release|Any CPU
		{CAFA5638-5E03-4997-82BD-67BC6BE9568B}.Debug|Any CPU.ActiveCfg = Debug|Any CPU
		{CAFA5638-5E03-4997-82BD-67BC6BE9568B}.Debug|Any CPU.Build.0 = Debug|Any CPU
		{CAFA5638-5E03-4997-82BD-67BC6BE9568B}.Release|Any CPU.ActiveCfg = Release|Any CPU
		{CAFA5638-5E03-4997-82BD-67BC6BE9568B}.Release|Any CPU.Build.0 = Release|Any CPU
	EndGlobalSection
	GlobalSection(SolutionProperties) = preSolution
		HideSolutionNode = FALSE
	EndGlobalSection
	GlobalSection(ExtensibilityGlobals) = postSolution
		SolutionGuid = {E0311BF3-45B4-4E9E-806F-07426CBB1B09}
	EndGlobalSection
EndGlobal
