
Microsoft Visual Studio Solution File, Format Version 12.00
# Visual Studio Version 16
VisualStudioVersion = 16.0.30128.74
MinimumVisualStudioVersion = 10.0.40219.1
Project("{FAE04EC0-301F-11D3-BF4B-00C04F79EFBC}") = "Scheduling", "Scheduling\Scheduling.csproj", "{1D2F21AF-5E4E-4AAB-9B58-AFCF5CF5DA15}"
EndProject
Project("{9A19103F-16F7-4668-BE54-9A1E7A4F7556}") = "ClassroomProject", "..\03. Classroom_Skeleton\ClassroomProject.csproj", "{6DCBBA36-3849-4744-84B0-62301141739D}"
EndProject
Project("{FAE04EC0-301F-11D3-BF4B-00C04F79EFBC}") = "Garden", "Garden\Garden.csproj", "{2D5627BE-8486-47D2-B1FF-305CCF5F750A}"
EndProject
Project("{FAE04EC0-301F-11D3-BF4B-00C04F79EFBC}") = "NewGarden", "NewGarden\NewGarden.csproj", "{AA0698C4-76A2-41DF-99A3-A5877FB3A55C}"
EndProject
Global
	GlobalSection(SolutionConfigurationPlatforms) = preSolution
		Debug|Any CPU = Debug|Any CPU
		Release|Any CPU = Release|Any CPU
	EndGlobalSection
	GlobalSection(ProjectConfigurationPlatforms) = postSolution
		{1D2F21AF-5E4E-4AAB-9B58-AFCF5CF5DA15}.Debug|Any CPU.ActiveCfg = Debug|Any CPU
		{1D2F21AF-5E4E-4AAB-9B58-AFCF5CF5DA15}.Debug|Any CPU.Build.0 = Debug|Any CPU
		{1D2F21AF-5E4E-4AAB-9B58-AFCF5CF5DA15}.Release|Any CPU.ActiveCfg = Release|Any CPU
		{1D2F21AF-5E4E-4AAB-9B58-AFCF5CF5DA15}.Release|Any CPU.Build.0 = Release|Any CPU
		{6DCBBA36-3849-4744-84B0-62301141739D}.Debug|Any CPU.ActiveCfg = Debug|Any CPU
		{6DCBBA36-3849-4744-84B0-62301141739D}.Debug|Any CPU.Build.0 = Debug|Any CPU
		{6DCBBA36-3849-4744-84B0-62301141739D}.Release|Any CPU.ActiveCfg = Release|Any CPU
		{6DCBBA36-3849-4744-84B0-62301141739D}.Release|Any CPU.Build.0 = Release|Any CPU
		{2D5627BE-8486-47D2-B1FF-305CCF5F750A}.Debug|Any CPU.ActiveCfg = Debug|Any CPU
		{2D5627BE-8486-47D2-B1FF-305CCF5F750A}.Debug|Any CPU.Build.0 = Debug|Any CPU
		{2D5627BE-8486-47D2-B1FF-305CCF5F750A}.Release|Any CPU.ActiveCfg = Release|Any CPU
		{2D5627BE-8486-47D2-B1FF-305CCF5F750A}.Release|Any CPU.Build.0 = Release|Any CPU
		{AA0698C4-76A2-41DF-99A3-A5877FB3A55C}.Debug|Any CPU.ActiveCfg = Debug|Any CPU
		{AA0698C4-76A2-41DF-99A3-A5877FB3A55C}.Debug|Any CPU.Build.0 = Debug|Any CPU
		{AA0698C4-76A2-41DF-99A3-A5877FB3A55C}.Release|Any CPU.ActiveCfg = Release|Any CPU
		{AA0698C4-76A2-41DF-99A3-A5877FB3A55C}.Release|Any CPU.Build.0 = Release|Any CPU
	EndGlobalSection
	GlobalSection(SolutionProperties) = preSolution
		HideSolutionNode = FALSE
	EndGlobalSection
	GlobalSection(ExtensibilityGlobals) = postSolution
		SolutionGuid = {04101CDF-3B62-4701-BEF3-9499E230C2B7}
	EndGlobalSection
EndGlobal
