
Microsoft Visual Studio Solution File, Format Version 12.00
# Visual Studio Version 16
VisualStudioVersion = 16.0.30128.74
MinimumVisualStudioVersion = 10.0.40219.1
Project("{FAE04EC0-301F-11D3-BF4B-00C04F79EFBC}") = "Shapes", "Shapes\Shapes.csproj", "{04CD2E87-4A56-408F-837E-5C6B63A5B447}"
EndProject
Project("{FAE04EC0-301F-11D3-BF4B-00C04F79EFBC}") = "Cars", "..\Cars\Cars.csproj", "{D96F7F72-331C-4C77-A939-E67B1D246D59}"
EndProject
Global
	GlobalSection(SolutionConfigurationPlatforms) = preSolution
		Debug|Any CPU = Debug|Any CPU
		Release|Any CPU = Release|Any CPU
	EndGlobalSection
	GlobalSection(ProjectConfigurationPlatforms) = postSolution
		{04CD2E87-4A56-408F-837E-5C6B63A5B447}.Debug|Any CPU.ActiveCfg = Debug|Any CPU
		{04CD2E87-4A56-408F-837E-5C6B63A5B447}.Debug|Any CPU.Build.0 = Debug|Any CPU
		{04CD2E87-4A56-408F-837E-5C6B63A5B447}.Release|Any CPU.ActiveCfg = Release|Any CPU
		{04CD2E87-4A56-408F-837E-5C6B63A5B447}.Release|Any CPU.Build.0 = Release|Any CPU
		{D96F7F72-331C-4C77-A939-E67B1D246D59}.Debug|Any CPU.ActiveCfg = Debug|Any CPU
		{D96F7F72-331C-4C77-A939-E67B1D246D59}.Debug|Any CPU.Build.0 = Debug|Any CPU
		{D96F7F72-331C-4C77-A939-E67B1D246D59}.Release|Any CPU.ActiveCfg = Release|Any CPU
		{D96F7F72-331C-4C77-A939-E67B1D246D59}.Release|Any CPU.Build.0 = Release|Any CPU
	EndGlobalSection
	GlobalSection(SolutionProperties) = preSolution
		HideSolutionNode = FALSE
	EndGlobalSection
	GlobalSection(ExtensibilityGlobals) = postSolution
		SolutionGuid = {8AA91BC3-EDB0-4EE9-AF52-461C01C4E0D7}
	EndGlobalSection
EndGlobal
